
Microsoft Visual Studio Solution File, Format Version 12.00
# Visual Studio Version 16
VisualStudioVersion = 16.0.30907.101
MinimumVisualStudioVersion = 10.0.40219.1
Project("{FAE04EC0-301F-11D3-BF4B-00C04F79EFBC}") = "E-Commerce-System", "E-Commerce-System.csproj", "{6DC950BF-6CF5-4910-9033-2F61F696D468}"
EndProject
Global
	GlobalSection(SolutionConfigurationPlatforms) = preSolution
		Debug|Any CPU = Debug|Any CPU
		Release|Any CPU = Release|Any CPU
	EndGlobalSection
	GlobalSection(ProjectConfigurationPlatforms) = postSolution
		{6DC950BF-6CF5-4910-9033-2F61F696D468}.Debug|Any CPU.ActiveCfg = Debug|Any CPU
		{6DC950BF-6CF5-4910-9033-2F61F696D468}.Debug|Any CPU.Build.0 = Debug|Any CPU
		{6DC950BF-6CF5-4910-9033-2F61F696D468}.Release|Any CPU.ActiveCfg = Release|Any CPU
		{6DC950BF-6CF5-4910-9033-2F61F696D468}.Release|Any CPU.Build.0 = Release|Any CPU
	EndGlobalSection
	GlobalSection(SolutionProperties) = preSolution
		HideSolutionNode = FALSE
	EndGlobalSection
	GlobalSection(ExtensibilityGlobals) = postSolution
		SolutionGuid = {EFD1FE08-71C4-4BF7-8E31-179457CA842A}
	EndGlobalSection
EndGlobal
